
Microsoft Visual Studio Solution File, Format Version 12.00
# Visual Studio Version 17
VisualStudioVersion = 17.0.31903.59
MinimumVisualStudioVersion = 10.0.40219.1
Project("{2150E333-8FDC-42A3-9474-1A3956D46DE8}") = "src", "src", "{827E0CD3-B72D-47B6-A68D-7590B98EB39B}"
EndProject
Project("{FAE04EC0-301F-11D3-BF4B-00C04F79EFBC}") = "RevitCortex.Core", "src\RevitCortex.Core\RevitCortex.Core.csproj", "{8A42B997-83D2-425F-ACE6-5D09C6D31209}"
EndProject
Project("{FAE04EC0-301F-11D3-BF4B-00C04F79EFBC}") = "RevitCortex.Tests", "src\RevitCortex.Tests\RevitCortex.Tests.csproj", "{B1C2D3E4-F5A6-7890-ABCD-EF1234567890}"
EndProject
Project("{FAE04EC0-301F-11D3-BF4B-00C04F79EFBC}") = "RevitCortex.Plugin", "src\RevitCortex.Plugin\RevitCortex.Plugin.csproj", "{A1B2C3D4-E5F6-7890-1234-567890ABCDEF}"
EndProject
Project("{FAE04EC0-301F-11D3-BF4B-00C04F79EFBC}") = "RevitCortex.Tools", "src\RevitCortex.Tools\RevitCortex.Tools.csproj", "{C1D2E3F4-A5B6-7890-CDEF-1234567890AB}"
EndProject
Global
	GlobalSection(SolutionConfigurationPlatforms) = preSolution
		Debug R23|Any CPU = Debug R23|Any CPU
		Debug R23|x64 = Debug R23|x64
		Debug R23|x86 = Debug R23|x86
		Debug R24|Any CPU = Debug R24|Any CPU
		Debug R24|x64 = Debug R24|x64
		Debug R24|x86 = Debug R24|x86
		Debug R25|Any CPU = Debug R25|Any CPU
		Debug R25|x64 = Debug R25|x64
		Debug R25|x86 = Debug R25|x86
		Debug R26|Any CPU = Debug R26|Any CPU
		Debug R26|x64 = Debug R26|x64
		Debug R26|x86 = Debug R26|x86
		Release R23|Any CPU = Release R23|Any CPU
		Release R23|x64 = Release R23|x64
		Release R23|x86 = Release R23|x86
		Release R24|Any CPU = Release R24|Any CPU
		Release R24|x64 = Release R24|x64
		Release R24|x86 = Release R24|x86
		Release R25|Any CPU = Release R25|Any CPU
		Release R25|x64 = Release R25|x64
		Release R25|x86 = Release R25|x86
		Release R26|Any CPU = Release R26|Any CPU
		Release R26|x64 = Release R26|x64
		Release R26|x86 = Release R26|x86
		Debug|Any CPU = Debug|Any CPU
		Debug|x64 = Debug|x64
		Debug|x86 = Debug|x86
		Release|Any CPU = Release|Any CPU
		Release|x64 = Release|x64
		Release|x86 = Release|x86
	EndGlobalSection
	GlobalSection(ProjectConfigurationPlatforms) = postSolution
		{8A42B997-83D2-425F-ACE6-5D09C6D31209}.Debug R23|Any CPU.ActiveCfg = Debug|Any CPU
		{8A42B997-83D2-425F-ACE6-5D09C6D31209}.Debug R23|Any CPU.Build.0 = Debug|Any CPU
		{8A42B997-83D2-425F-ACE6-5D09C6D31209}.Debug R23|x64.ActiveCfg = Debug|Any CPU
		{8A42B997-83D2-425F-ACE6-5D09C6D31209}.Debug R23|x64.Build.0 = Debug|Any CPU
		{8A42B997-83D2-425F-ACE6-5D09C6D31209}.Debug R23|x86.ActiveCfg = Debug|Any CPU
		{8A42B997-83D2-425F-ACE6-5D09C6D31209}.Debug R23|x86.Build.0 = Debug|Any CPU
		{8A42B997-83D2-425F-ACE6-5D09C6D31209}.Debug R24|Any CPU.ActiveCfg = Debug|Any CPU
		{8A42B997-83D2-425F-ACE6-5D09C6D31209}.Debug R24|Any CPU.Build.0 = Debug|Any CPU
		{8A42B997-83D2-425F-ACE6-5D09C6D31209}.Debug R24|x64.ActiveCfg = Debug|Any CPU
		{8A42B997-83D2-425F-ACE6-5D09C6D31209}.Debug R24|x64.Build.0 = Debug|Any CPU
		{8A42B997-83D2-425F-ACE6-5D09C6D31209}.Debug R24|x86.ActiveCfg = Debug|Any CPU
		{8A42B997-83D2-425F-ACE6-5D09C6D31209}.Debug R24|x86.Build.0 = Debug|Any CPU
		{8A42B997-83D2-425F-ACE6-5D09C6D31209}.Debug R25|Any CPU.ActiveCfg = Debug|Any CPU
		{8A42B997-83D2-425F-ACE6-5D09C6D31209}.Debug R25|Any CPU.Build.0 = Debug|Any CPU
		{8A42B997-83D2-425F-ACE6-5D09C6D31209}.Debug R25|x64.ActiveCfg = Debug|Any CPU
		{8A42B997-83D2-425F-ACE6-5D09C6D31209}.Debug R25|x64.Build.0 = Debug|Any CPU
		{8A42B997-83D2-425F-ACE6-5D09C6D31209}.Debug R25|x86.ActiveCfg = Debug|Any CPU
		{8A42B997-83D2-425F-ACE6-5D09C6D31209}.Debug R25|x86.Build.0 = Debug|Any CPU
		{8A42B997-83D2-425F-ACE6-5D09C6D31209}.Debug R26|Any CPU.ActiveCfg = Debug|Any CPU
		{8A42B997-83D2-425F-ACE6-5D09C6D31209}.Debug R26|Any CPU.Build.0 = Debug|Any CPU
		{8A42B997-83D2-425F-ACE6-5D09C6D31209}.Debug R26|x64.ActiveCfg = Debug|Any CPU
		{8A42B997-83D2-425F-ACE6-5D09C6D31209}.Debug R26|x64.Build.0 = Debug|Any CPU
		{8A42B997-83D2-425F-ACE6-5D09C6D31209}.Debug R26|x86.ActiveCfg = Debug|Any CPU
		{8A42B997-83D2-425F-ACE6-5D09C6D31209}.Debug R26|x86.Build.0 = Debug|Any CPU
		{8A42B997-83D2-425F-ACE6-5D09C6D31209}.Release R23|Any CPU.ActiveCfg = Debug|Any CPU
		{8A42B997-83D2-425F-ACE6-5D09C6D31209}.Release R23|Any CPU.Build.0 = Debug|Any CPU
		{8A42B997-83D2-425F-ACE6-5D09C6D31209}.Release R23|x64.ActiveCfg = Debug|Any CPU
		{8A42B997-83D2-425F-ACE6-5D09C6D31209}.Release R23|x64.Build.0 = Debug|Any CPU
		{8A42B997-83D2-425F-ACE6-5D09C6D31209}.Release R23|x86.ActiveCfg = Debug|Any CPU
		{8A42B997-83D2-425F-ACE6-5D09C6D31209}.Release R23|x86.Build.0 = Debug|Any CPU
		{8A42B997-83D2-425F-ACE6-5D09C6D31209}.Release R24|Any CPU.ActiveCfg = Debug|Any CPU
		{8A42B997-83D2-425F-ACE6-5D09C6D31209}.Release R24|Any CPU.Build.0 = Debug|Any CPU
		{8A42B997-83D2-425F-ACE6-5D09C6D31209}.Release R24|x64.ActiveCfg = Debug|Any CPU
		{8A42B997-83D2-425F-ACE6-5D09C6D31209}.Release R24|x64.Build.0 = Debug|Any CPU
		{8A42B997-83D2-425F-ACE6-5D09C6D31209}.Release R24|x86.ActiveCfg = Debug|Any CPU
		{8A42B997-83D2-425F-ACE6-5D09C6D31209}.Release R24|x86.Build.0 = Debug|Any CPU
		{8A42B997-83D2-425F-ACE6-5D09C6D31209}.Release R25|Any CPU.ActiveCfg = Debug|Any CPU
		{8A42B997-83D2-425F-ACE6-5D09C6D31209}.Release R25|Any CPU.Build.0 = Debug|Any CPU
		{8A42B997-83D2-425F-ACE6-5D09C6D31209}.Release R25|x64.ActiveCfg = Debug|Any CPU
		{8A42B997-83D2-425F-ACE6-5D09C6D31209}.Release R25|x64.Build.0 = Debug|Any CPU
		{8A42B997-83D2-425F-ACE6-5D09C6D31209}.Release R25|x86.ActiveCfg = Debug|Any CPU
		{8A42B997-83D2-425F-ACE6-5D09C6D31209}.Release R25|x86.Build.0 = Debug|Any CPU
		{8A42B997-83D2-425F-ACE6-5D09C6D31209}.Release R26|Any CPU.ActiveCfg = Debug|Any CPU
		{8A42B997-83D2-425F-ACE6-5D09C6D31209}.Release R26|Any CPU.Build.0 = Debug|Any CPU
		{8A42B997-83D2-425F-ACE6-5D09C6D31209}.Release R26|x64.ActiveCfg = Debug|Any CPU
		{8A42B997-83D2-425F-ACE6-5D09C6D31209}.Release R26|x64.Build.0 = Debug|Any CPU
		{8A42B997-83D2-425F-ACE6-5D09C6D31209}.Release R26|x86.ActiveCfg = Debug|Any CPU
		{8A42B997-83D2-425F-ACE6-5D09C6D31209}.Release R26|x86.Build.0 = Debug|Any CPU
		{8A42B997-83D2-425F-ACE6-5D09C6D31209}.Debug|Any CPU.ActiveCfg = Debug|Any CPU
		{8A42B997-83D2-425F-ACE6-5D09C6D31209}.Debug|Any CPU.Build.0 = Debug|Any CPU
		{8A42B997-83D2-425F-ACE6-5D09C6D31209}.Debug|x64.ActiveCfg = Debug|Any CPU
		{8A42B997-83D2-425F-ACE6-5D09C6D31209}.Debug|x64.Build.0 = Debug|Any CPU
		{8A42B997-83D2-425F-ACE6-5D09C6D31209}.Debug|x86.ActiveCfg = Debug|Any CPU
		{8A42B997-83D2-425F-ACE6-5D09C6D31209}.Debug|x86.Build.0 = Debug|Any CPU
		{8A42B997-83D2-425F-ACE6-5D09C6D31209}.Release|Any CPU.ActiveCfg = Release|Any CPU
		{8A42B997-83D2-425F-ACE6-5D09C6D31209}.Release|Any CPU.Build.0 = Release|Any CPU
		{8A42B997-83D2-425F-ACE6-5D09C6D31209}.Release|x64.ActiveCfg = Release|Any CPU
		{8A42B997-83D2-425F-ACE6-5D09C6D31209}.Release|x64.Build.0 = Release|Any CPU
		{8A42B997-83D2-425F-ACE6-5D09C6D31209}.Release|x86.ActiveCfg = Release|Any CPU
		{8A42B997-83D2-425F-ACE6-5D09C6D31209}.Release|x86.Build.0 = Release|Any CPU
		{B1C2D3E4-F5A6-7890-ABCD-EF1234567890}.Debug R23|Any CPU.ActiveCfg = Debug|Any CPU
		{B1C2D3E4-F5A6-7890-ABCD-EF1234567890}.Debug R23|Any CPU.Build.0 = Debug|Any CPU
		{B1C2D3E4-F5A6-7890-ABCD-EF1234567890}.Debug R23|x64.ActiveCfg = Debug|Any CPU
		{B1C2D3E4-F5A6-7890-ABCD-EF1234567890}.Debug R23|x64.Build.0 = Debug|Any CPU
		{B1C2D3E4-F5A6-7890-ABCD-EF1234567890}.Debug R23|x86.ActiveCfg = Debug|Any CPU
		{B1C2D3E4-F5A6-7890-ABCD-EF1234567890}.Debug R23|x86.Build.0 = Debug|Any CPU
		{B1C2D3E4-F5A6-7890-ABCD-EF1234567890}.Debug R24|Any CPU.ActiveCfg = Debug|Any CPU
		{B1C2D3E4-F5A6-7890-ABCD-EF1234567890}.Debug R24|Any CPU.Build.0 = Debug|Any CPU
		{B1C2D3E4-F5A6-7890-ABCD-EF1234567890}.Debug R24|x64.ActiveCfg = Debug|Any CPU
		{B1C2D3E4-F5A6-7890-ABCD-EF1234567890}.Debug R24|x64.Build.0 = Debug|Any CPU
		{B1C2D3E4-F5A6-7890-ABCD-EF1234567890}.Debug R24|x86.ActiveCfg = Debug|Any CPU
		{B1C2D3E4-F5A6-7890-ABCD-EF1234567890}.Debug R24|x86.Build.0 = Debug|Any CPU
		{B1C2D3E4-F5A6-7890-ABCD-EF1234567890}.Debug R25|Any CPU.ActiveCfg = Debug|Any CPU
		{B1C2D3E4-F5A6-7890-ABCD-EF1234567890}.Debug R25|Any CPU.Build.0 = Debug|Any CPU
		{B1C2D3E4-F5A6-7890-ABCD-EF1234567890}.Debug R25|x64.ActiveCfg = Debug|Any CPU
		{B1C2D3E4-F5A6-7890-ABCD-EF1234567890}.Debug R25|x64.Build.0 = Debug|Any CPU
		{B1C2D3E4-F5A6-7890-ABCD-EF1234567890}.Debug R25|x86.ActiveCfg = Debug|Any CPU
		{B1C2D3E4-F5A6-7890-ABCD-EF1234567890}.Debug R25|x86.Build.0 = Debug|Any CPU
		{B1C2D3E4-F5A6-7890-ABCD-EF1234567890}.Debug R26|Any CPU.ActiveCfg = Debug|Any CPU
		{B1C2D3E4-F5A6-7890-ABCD-EF1234567890}.Debug R26|Any CPU.Build.0 = Debug|Any CPU
		{B1C2D3E4-F5A6-7890-ABCD-EF1234567890}.Debug R26|x64.ActiveCfg = Debug|Any CPU
		{B1C2D3E4-F5A6-7890-ABCD-EF1234567890}.Debug R26|x64.Build.0 = Debug|Any CPU
		{B1C2D3E4-F5A6-7890-ABCD-EF1234567890}.Debug R26|x86.ActiveCfg = Debug|Any CPU
		{B1C2D3E4-F5A6-7890-ABCD-EF1234567890}.Debug R26|x86.Build.0 = Debug|Any CPU
		{B1C2D3E4-F5A6-7890-ABCD-EF1234567890}.Release R23|Any CPU.ActiveCfg = Debug|Any CPU
		{B1C2D3E4-F5A6-7890-ABCD-EF1234567890}.Release R23|Any CPU.Build.0 = Debug|Any CPU
		{B1C2D3E4-F5A6-7890-ABCD-EF1234567890}.Release R23|x64.ActiveCfg = Debug|Any CPU
		{B1C2D3E4-F5A6-7890-ABCD-EF1234567890}.Release R23|x64.Build.0 = Debug|Any CPU
		{B1C2D3E4-F5A6-7890-ABCD-EF1234567890}.Release R23|x86.ActiveCfg = Debug|Any CPU
		{B1C2D3E4-F5A6-7890-ABCD-EF1234567890}.Release R23|x86.Build.0 = Debug|Any CPU
		{B1C2D3E4-F5A6-7890-ABCD-EF1234567890}.Release R24|Any CPU.ActiveCfg = Debug|Any CPU
		{B1C2D3E4-F5A6-7890-ABCD-EF1234567890}.Release R24|Any CPU.Build.0 = Debug|Any CPU
		{B1C2D3E4-F5A6-7890-ABCD-EF1234567890}.Release R24|x64.ActiveCfg = Debug|Any CPU
		{B1C2D3E4-F5A6-7890-ABCD-EF1234567890}.Release R24|x64.Build.0 = Debug|Any CPU
		{B1C2D3E4-F5A6-7890-ABCD-EF1234567890}.Release R24|x86.ActiveCfg = Debug|Any CPU
		{B1C2D3E4-F5A6-7890-ABCD-EF1234567890}.Release R24|x86.Build.0 = Debug|Any CPU
		{B1C2D3E4-F5A6-7890-ABCD-EF1234567890}.Release R25|Any CPU.ActiveCfg = Debug|Any CPU
		{B1C2D3E4-F5A6-7890-ABCD-EF1234567890}.Release R25|Any CPU.Build.0 = Debug|Any CPU
		{B1C2D3E4-F5A6-7890-ABCD-EF1234567890}.Release R25|x64.ActiveCfg = Debug|Any CPU
		{B1C2D3E4-F5A6-7890-ABCD-EF1234567890}.Release R25|x64.Build.0 = Debug|Any CPU
		{B1C2D3E4-F5A6-7890-ABCD-EF1234567890}.Release R25|x86.ActiveCfg = Debug|Any CPU
		{B1C2D3E4-F5A6-7890-ABCD-EF1234567890}.Release R25|x86.Build.0 = Debug|Any CPU
		{B1C2D3E4-F5A6-7890-ABCD-EF1234567890}.Release R26|Any CPU.ActiveCfg = Debug|Any CPU
		{B1C2D3E4-F5A6-7890-ABCD-EF1234567890}.Release R26|Any CPU.Build.0 = Debug|Any CPU
		{B1C2D3E4-F5A6-7890-ABCD-EF1234567890}.Release R26|x64.ActiveCfg = Debug|Any CPU
		{B1C2D3E4-F5A6-7890-ABCD-EF1234567890}.Release R26|x64.Build.0 = Debug|Any CPU
		{B1C2D3E4-F5A6-7890-ABCD-EF1234567890}.Release R26|x86.ActiveCfg = Debug|Any CPU
		{B1C2D3E4-F5A6-7890-ABCD-EF1234567890}.Release R26|x86.Build.0 = Debug|Any CPU
		{B1C2D3E4-F5A6-7890-ABCD-EF1234567890}.Debug|Any CPU.ActiveCfg = Debug|Any CPU
		{B1C2D3E4-F5A6-7890-ABCD-EF1234567890}.Debug|Any CPU.Build.0 = Debug|Any CPU
		{B1C2D3E4-F5A6-7890-ABCD-EF1234567890}.Debug|x64.ActiveCfg = Debug|Any CPU
		{B1C2D3E4-F5A6-7890-ABCD-EF1234567890}.Debug|x64.Build.0 = Debug|Any CPU
		{B1C2D3E4-F5A6-7890-ABCD-EF1234567890}.Debug|x86.ActiveCfg = Debug|Any CPU
		{B1C2D3E4-F5A6-7890-ABCD-EF1234567890}.Debug|x86.Build.0 = Debug|Any CPU
		{B1C2D3E4-F5A6-7890-ABCD-EF1234567890}.Release|Any CPU.ActiveCfg = Release|Any CPU
		{B1C2D3E4-F5A6-7890-ABCD-EF1234567890}.Release|Any CPU.Build.0 = Release|Any CPU
		{B1C2D3E4-F5A6-7890-ABCD-EF1234567890}.Release|x64.ActiveCfg = Release|Any CPU
		{B1C2D3E4-F5A6-7890-ABCD-EF1234567890}.Release|x64.Build.0 = Release|Any CPU
		{B1C2D3E4-F5A6-7890-ABCD-EF1234567890}.Release|x86.ActiveCfg = Release|Any CPU
		{B1C2D3E4-F5A6-7890-ABCD-EF1234567890}.Release|x86.Build.0 = Release|Any CPU
		{A1B2C3D4-E5F6-7890-1234-567890ABCDEF}.Debug R23|Any CPU.ActiveCfg = Debug R23|Any CPU
		{A1B2C3D4-E5F6-7890-1234-567890ABCDEF}.Debug R23|Any CPU.Build.0 = Debug R23|Any CPU
		{A1B2C3D4-E5F6-7890-1234-567890ABCDEF}.Debug R23|x64.ActiveCfg = Debug R23|Any CPU
		{A1B2C3D4-E5F6-7890-1234-567890ABCDEF}.Debug R23|x64.Build.0 = Debug R23|Any CPU
		{A1B2C3D4-E5F6-7890-1234-567890ABCDEF}.Debug R23|x86.ActiveCfg = Debug R23|Any CPU
		{A1B2C3D4-E5F6-7890-1234-567890ABCDEF}.Debug R23|x86.Build.0 = Debug R23|Any CPU
		{A1B2C3D4-E5F6-7890-1234-567890ABCDEF}.Debug R24|Any CPU.ActiveCfg = Debug R24|Any CPU
		{A1B2C3D4-E5F6-7890-1234-567890ABCDEF}.Debug R24|Any CPU.Build.0 = Debug R24|Any CPU
		{A1B2C3D4-E5F6-7890-1234-567890ABCDEF}.Debug R24|x64.ActiveCfg = Debug R24|Any CPU
		{A1B2C3D4-E5F6-7890-1234-567890ABCDEF}.Debug R24|x64.Build.0 = Debug R24|Any CPU
		{A1B2C3D4-E5F6-7890-1234-567890ABCDEF}.Debug R24|x86.ActiveCfg = Debug R24|Any CPU
		{A1B2C3D4-E5F6-7890-1234-567890ABCDEF}.Debug R24|x86.Build.0 = Debug R24|Any CPU
		{A1B2C3D4-E5F6-7890-1234-567890ABCDEF}.Debug R25|Any CPU.ActiveCfg = Debug R25|Any CPU
		{A1B2C3D4-E5F6-7890-1234-567890ABCDEF}.Debug R25|Any CPU.Build.0 = Debug R25|Any CPU
		{A1B2C3D4-E5F6-7890-1234-567890ABCDEF}.Debug R25|x64.ActiveCfg = Debug R25|Any CPU
		{A1B2C3D4-E5F6-7890-1234-567890ABCDEF}.Debug R25|x64.Build.0 = Debug R25|Any CPU
		{A1B2C3D4-E5F6-7890-1234-567890ABCDEF}.Debug R25|x86.ActiveCfg = Debug R25|Any CPU
		{A1B2C3D4-E5F6-7890-1234-567890ABCDEF}.Debug R25|x86.Build.0 = Debug R25|Any CPU
		{A1B2C3D4-E5F6-7890-1234-567890ABCDEF}.Debug R26|Any CPU.ActiveCfg = Debug R26|Any CPU
		{A1B2C3D4-E5F6-7890-1234-567890ABCDEF}.Debug R26|Any CPU.Build.0 = Debug R26|Any CPU
		{A1B2C3D4-E5F6-7890-1234-567890ABCDEF}.Debug R26|x64.ActiveCfg = Debug R26|Any CPU
		{A1B2C3D4-E5F6-7890-1234-567890ABCDEF}.Debug R26|x64.Build.0 = Debug R26|Any CPU
		{A1B2C3D4-E5F6-7890-1234-567890ABCDEF}.Debug R26|x86.ActiveCfg = Debug R26|Any CPU
		{A1B2C3D4-E5F6-7890-1234-567890ABCDEF}.Debug R26|x86.Build.0 = Debug R26|Any CPU
		{A1B2C3D4-E5F6-7890-1234-567890ABCDEF}.Release R23|Any CPU.ActiveCfg = Release R23|Any CPU
		{A1B2C3D4-E5F6-7890-1234-567890ABCDEF}.Release R23|Any CPU.Build.0 = Release R23|Any CPU
		{A1B2C3D4-E5F6-7890-1234-567890ABCDEF}.Release R23|x64.ActiveCfg = Release R23|Any CPU
		{A1B2C3D4-E5F6-7890-1234-567890ABCDEF}.Release R23|x64.Build.0 = Release R23|Any CPU
		{A1B2C3D4-E5F6-7890-1234-567890ABCDEF}.Release R23|x86.ActiveCfg = Release R23|Any CPU
		{A1B2C3D4-E5F6-7890-1234-567890ABCDEF}.Release R23|x86.Build.0 = Release R23|Any CPU
		{A1B2C3D4-E5F6-7890-1234-567890ABCDEF}.Release R24|Any CPU.ActiveCfg = Release R24|Any CPU
		{A1B2C3D4-E5F6-7890-1234-567890ABCDEF}.Release R24|Any CPU.Build.0 = Release R24|Any CPU
		{A1B2C3D4-E5F6-7890-1234-567890ABCDEF}.Release R24|x64.ActiveCfg = Release R24|Any CPU
		{A1B2C3D4-E5F6-7890-1234-567890ABCDEF}.Release R24|x64.Build.0 = Release R24|Any CPU
		{A1B2C3D4-E5F6-7890-1234-567890ABCDEF}.Release R24|x86.ActiveCfg = Release R24|Any CPU
		{A1B2C3D4-E5F6-7890-1234-567890ABCDEF}.Release R24|x86.Build.0 = Release R24|Any CPU
		{A1B2C3D4-E5F6-7890-1234-567890ABCDEF}.Release R25|Any CPU.ActiveCfg = Release R25|Any CPU
		{A1B2C3D4-E5F6-7890-1234-567890ABCDEF}.Release R25|Any CPU.Build.0 = Release R25|Any CPU
		{A1B2C3D4-E5F6-7890-1234-567890ABCDEF}.Release R25|x64.ActiveCfg = Release R25|Any CPU
		{A1B2C3D4-E5F6-7890-1234-567890ABCDEF}.Release R25|x64.Build.0 = Release R25|Any CPU
		{A1B2C3D4-E5F6-7890-1234-567890ABCDEF}.Release R25|x86.ActiveCfg = Release R25|Any CPU
		{A1B2C3D4-E5F6-7890-1234-567890ABCDEF}.Release R25|x86.Build.0 = Release R25|Any CPU
		{A1B2C3D4-E5F6-7890-1234-567890ABCDEF}.Release R26|Any CPU.ActiveCfg = Release R26|Any CPU
		{A1B2C3D4-E5F6-7890-1234-567890ABCDEF}.Release R26|Any CPU.Build.0 = Release R26|Any CPU
		{A1B2C3D4-E5F6-7890-1234-567890ABCDEF}.Release R26|x64.ActiveCfg = Release R26|Any CPU
		{A1B2C3D4-E5F6-7890-1234-567890ABCDEF}.Release R26|x64.Build.0 = Release R26|Any CPU
		{A1B2C3D4-E5F6-7890-1234-567890ABCDEF}.Release R26|x86.ActiveCfg = Release R26|Any CPU
		{A1B2C3D4-E5F6-7890-1234-567890ABCDEF}.Release R26|x86.Build.0 = Release R26|Any CPU
		{A1B2C3D4-E5F6-7890-1234-567890ABCDEF}.Debug|Any CPU.ActiveCfg = Debug R25|Any CPU
		{A1B2C3D4-E5F6-7890-1234-567890ABCDEF}.Debug|Any CPU.Build.0 = Debug R25|Any CPU
		{A1B2C3D4-E5F6-7890-1234-567890ABCDEF}.Debug|x64.ActiveCfg = Debug R25|Any CPU
		{A1B2C3D4-E5F6-7890-1234-567890ABCDEF}.Debug|x64.Build.0 = Debug R25|Any CPU
		{A1B2C3D4-E5F6-7890-1234-567890ABCDEF}.Debug|x86.ActiveCfg = Debug R25|Any CPU
		{A1B2C3D4-E5F6-7890-1234-567890ABCDEF}.Debug|x86.Build.0 = Debug R25|Any CPU
		{A1B2C3D4-E5F6-7890-1234-567890ABCDEF}.Release|Any CPU.ActiveCfg = Release R25|Any CPU
		{A1B2C3D4-E5F6-7890-1234-567890ABCDEF}.Release|Any CPU.Build.0 = Release R25|Any CPU
		{A1B2C3D4-E5F6-7890-1234-567890ABCDEF}.Release|x64.ActiveCfg = Release R25|Any CPU
		{A1B2C3D4-E5F6-7890-1234-567890ABCDEF}.Release|x64.Build.0 = Release R25|Any CPU
		{A1B2C3D4-E5F6-7890-1234-567890ABCDEF}.Release|x86.ActiveCfg = Release R25|Any CPU
		{A1B2C3D4-E5F6-7890-1234-567890ABCDEF}.Release|x86.Build.0 = Release R25|Any CPU
		{C1D2E3F4-A5B6-7890-CDEF-1234567890AB}.Debug R23|Any CPU.ActiveCfg = Debug R23|Any CPU
		{C1D2E3F4-A5B6-7890-CDEF-1234567890AB}.Debug R23|Any CPU.Build.0 = Debug R23|Any CPU
		{C1D2E3F4-A5B6-7890-CDEF-1234567890AB}.Debug R23|x64.ActiveCfg = Debug R23|Any CPU
		{C1D2E3F4-A5B6-7890-CDEF-1234567890AB}.Debug R23|x64.Build.0 = Debug R23|Any CPU
		{C1D2E3F4-A5B6-7890-CDEF-1234567890AB}.Debug R23|x86.ActiveCfg = Debug R23|Any CPU
		{C1D2E3F4-A5B6-7890-CDEF-1234567890AB}.Debug R23|x86.Build.0 = Debug R23|Any CPU
		{C1D2E3F4-A5B6-7890-CDEF-1234567890AB}.Debug R24|Any CPU.ActiveCfg = Debug R24|Any CPU
		{C1D2E3F4-A5B6-7890-CDEF-1234567890AB}.Debug R24|Any CPU.Build.0 = Debug R24|Any CPU
		{C1D2E3F4-A5B6-7890-CDEF-1234567890AB}.Debug R24|x64.ActiveCfg = Debug R24|Any CPU
		{C1D2E3F4-A5B6-7890-CDEF-1234567890AB}.Debug R24|x64.Build.0 = Debug R24|Any CPU
		{C1D2E3F4-A5B6-7890-CDEF-1234567890AB}.Debug R24|x86.ActiveCfg = Debug R24|Any CPU
		{C1D2E3F4-A5B6-7890-CDEF-1234567890AB}.Debug R24|x86.Build.0 = Debug R24|Any CPU
		{C1D2E3F4-A5B6-7890-CDEF-1234567890AB}.Debug R25|Any CPU.ActiveCfg = Debug R25|Any CPU
		{C1D2E3F4-A5B6-7890-CDEF-1234567890AB}.Debug R25|Any CPU.Build.0 = Debug R25|Any CPU
		{C1D2E3F4-A5B6-7890-CDEF-1234567890AB}.Debug R25|x64.ActiveCfg = Debug R25|Any CPU
		{C1D2E3F4-A5B6-7890-CDEF-1234567890AB}.Debug R25|x64.Build.0 = Debug R25|Any CPU
		{C1D2E3F4-A5B6-7890-CDEF-1234567890AB}.Debug R25|x86.ActiveCfg = Debug R25|Any CPU
		{C1D2E3F4-A5B6-7890-CDEF-1234567890AB}.Debug R25|x86.Build.0 = Debug R25|Any CPU
		{C1D2E3F4-A5B6-7890-CDEF-1234567890AB}.Debug R26|Any CPU.ActiveCfg = Debug R26|Any CPU
		{C1D2E3F4-A5B6-7890-CDEF-1234567890AB}.Debug R26|Any CPU.Build.0 = Debug R26|Any CPU
		{C1D2E3F4-A5B6-7890-CDEF-1234567890AB}.Debug R26|x64.ActiveCfg = Debug R26|Any CPU
		{C1D2E3F4-A5B6-7890-CDEF-1234567890AB}.Debug R26|x64.Build.0 = Debug R26|Any CPU
		{C1D2E3F4-A5B6-7890-CDEF-1234567890AB}.Debug R26|x86.ActiveCfg = Debug R26|Any CPU
		{C1D2E3F4-A5B6-7890-CDEF-1234567890AB}.Debug R26|x86.Build.0 = Debug R26|Any CPU
		{C1D2E3F4-A5B6-7890-CDEF-1234567890AB}.Release R23|Any CPU.ActiveCfg = Release R23|Any CPU
		{C1D2E3F4-A5B6-7890-CDEF-1234567890AB}.Release R23|Any CPU.Build.0 = Release R23|Any CPU
		{C1D2E3F4-A5B6-7890-CDEF-1234567890AB}.Release R23|x64.ActiveCfg = Release R23|Any CPU
		{C1D2E3F4-A5B6-7890-CDEF-1234567890AB}.Release R23|x64.Build.0 = Release R23|Any CPU
		{C1D2E3F4-A5B6-7890-CDEF-1234567890AB}.Release R23|x86.ActiveCfg = Release R23|Any CPU
		{C1D2E3F4-A5B6-7890-CDEF-1234567890AB}.Release R23|x86.Build.0 = Release R23|Any CPU
		{C1D2E3F4-A5B6-7890-CDEF-1234567890AB}.Release R24|Any CPU.ActiveCfg = Release R24|Any CPU
		{C1D2E3F4-A5B6-7890-CDEF-1234567890AB}.Release R24|Any CPU.Build.0 = Release R24|Any CPU
		{C1D2E3F4-A5B6-7890-CDEF-1234567890AB}.Release R24|x64.ActiveCfg = Release R24|Any CPU
		{C1D2E3F4-A5B6-7890-CDEF-1234567890AB}.Release R24|x64.Build.0 = Release R24|Any CPU
		{C1D2E3F4-A5B6-7890-CDEF-1234567890AB}.Release R24|x86.ActiveCfg = Release R24|Any CPU
		{C1D2E3F4-A5B6-7890-CDEF-1234567890AB}.Release R24|x86.Build.0 = Release R24|Any CPU
		{C1D2E3F4-A5B6-7890-CDEF-1234567890AB}.Release R25|Any CPU.ActiveCfg = Release R25|Any CPU
		{C1D2E3F4-A5B6-7890-CDEF-1234567890AB}.Release R25|Any CPU.Build.0 = Release R25|Any CPU
		{C1D2E3F4-A5B6-7890-CDEF-1234567890AB}.Release R25|x64.ActiveCfg = Release R25|Any CPU
		{C1D2E3F4-A5B6-7890-CDEF-1234567890AB}.Release R25|x64.Build.0 = Release R25|Any CPU
		{C1D2E3F4-A5B6-7890-CDEF-1234567890AB}.Release R25|x86.ActiveCfg = Release R25|Any CPU
		{C1D2E3F4-A5B6-7890-CDEF-1234567890AB}.Release R25|x86.Build.0 = Release R25|Any CPU
		{C1D2E3F4-A5B6-7890-CDEF-1234567890AB}.Release R26|Any CPU.ActiveCfg = Release R26|Any CPU
		{C1D2E3F4-A5B6-7890-CDEF-1234567890AB}.Release R26|Any CPU.Build.0 = Release R26|Any CPU
		{C1D2E3F4-A5B6-7890-CDEF-1234567890AB}.Release R26|x64.ActiveCfg = Release R26|Any CPU
		{C1D2E3F4-A5B6-7890-CDEF-1234567890AB}.Release R26|x64.Build.0 = Release R26|Any CPU
		{C1D2E3F4-A5B6-7890-CDEF-1234567890AB}.Release R26|x86.ActiveCfg = Release R26|Any CPU
		{C1D2E3F4-A5B6-7890-CDEF-1234567890AB}.Release R26|x86.Build.0 = Release R26|Any CPU
		{C1D2E3F4-A5B6-7890-CDEF-1234567890AB}.Debug|Any CPU.ActiveCfg = Debug R25|Any CPU
		{C1D2E3F4-A5B6-7890-CDEF-1234567890AB}.Debug|Any CPU.Build.0 = Debug R25|Any CPU
		{C1D2E3F4-A5B6-7890-CDEF-1234567890AB}.Debug|x64.ActiveCfg = Debug R25|Any CPU
		{C1D2E3F4-A5B6-7890-CDEF-1234567890AB}.Debug|x64.Build.0 = Debug R25|Any CPU
		{C1D2E3F4-A5B6-7890-CDEF-1234567890AB}.Debug|x86.ActiveCfg = Debug R25|Any CPU
		{C1D2E3F4-A5B6-7890-CDEF-1234567890AB}.Debug|x86.Build.0 = Debug R25|Any CPU
		{C1D2E3F4-A5B6-7890-CDEF-1234567890AB}.Release|Any CPU.ActiveCfg = Release R25|Any CPU
		{C1D2E3F4-A5B6-7890-CDEF-1234567890AB}.Release|Any CPU.Build.0 = Release R25|Any CPU
		{C1D2E3F4-A5B6-7890-CDEF-1234567890AB}.Release|x64.ActiveCfg = Release R25|Any CPU
		{C1D2E3F4-A5B6-7890-CDEF-1234567890AB}.Release|x64.Build.0 = Release R25|Any CPU
		{C1D2E3F4-A5B6-7890-CDEF-1234567890AB}.Release|x86.ActiveCfg = Release R25|Any CPU
		{C1D2E3F4-A5B6-7890-CDEF-1234567890AB}.Release|x86.Build.0 = Release R25|Any CPU
	EndGlobalSection
	GlobalSection(SolutionProperties) = preSolution
		HideSolutionNode = FALSE
	EndGlobalSection
	GlobalSection(NestedProjects) = preSolution
		{8A42B997-83D2-425F-ACE6-5D09C6D31209} = {827E0CD3-B72D-47B6-A68D-7590B98EB39B}
		{B1C2D3E4-F5A6-7890-ABCD-EF1234567890} = {827E0CD3-B72D-47B6-A68D-7590B98EB39B}
		{A1B2C3D4-E5F6-7890-1234-567890ABCDEF} = {827E0CD3-B72D-47B6-A68D-7590B98EB39B}
		{C1D2E3F4-A5B6-7890-CDEF-1234567890AB} = {827E0CD3-B72D-47B6-A68D-7590B98EB39B}
	EndGlobalSection
EndGlobal
